
Microsoft Visual Studio Solution File, Format Version 12.00
# Visual Studio Version 17
VisualStudioVersion = 17.14.36017.23
MinimumVisualStudioVersion = 10.0.40219.1
Project("{FAE04EC0-301F-11D3-BF4B-00C04F79EFBC}") = "nebulae-random", "nebulae-random\nebulae-random.csproj", "{826D3C45-F181-4D98-A4B2-8BD1449FEBC7}"
EndProject
Project("{2150E333-8FDC-42A3-9474-1A3956D46DE8}") = "Solution Items", "Solution Items", "{8EC462FD-D22E-90A8-E5CE-7E832BA40C5D}"
	ProjectSection(SolutionItems) = preProject
		Acknowledgements.txt = Acknowledgements.txt
		License.txt = License.txt
		README.md = README.md
	EndProjectSection
EndProject
Project("{FAE04EC0-301F-11D3-BF4B-00C04F79EFBC}") = "nebulae-random-tests", "nebulae-random-tests\nebulae-random-tests.csproj", "{D0CBB8E0-D523-480D-929F-6B8B09D63732}"
EndProject
Project("{FAE04EC0-301F-11D3-BF4B-00C04F79EFBC}") = "DumpRng", "DumpRng\DumpRng.csproj", "{7E67B1FE-5746-43B0-9F9D-E79698C840D8}"
EndProject
Global
	GlobalSection(SolutionConfigurationPlatforms) = preSolution
		Debug|Any CPU = Debug|Any CPU
		Release|Any CPU = Release|Any CPU
	EndGlobalSection
	GlobalSection(ProjectConfigurationPlatforms) = postSolution
		{826D3C45-F181-4D98-A4B2-8BD1449FEBC7}.Debug|Any CPU.ActiveCfg = Debug|Any CPU
		{826D3C45-F181-4D98-A4B2-8BD1449FEBC7}.Debug|Any CPU.Build.0 = Debug|Any CPU
		{826D3C45-F181-4D98-A4B2-8BD1449FEBC7}.Release|Any CPU.ActiveCfg = Release|Any CPU
		{826D3C45-F181-4D98-A4B2-8BD1449FEBC7}.Release|Any CPU.Build.0 = Release|Any CPU
		{D0CBB8E0-D523-480D-929F-6B8B09D63732}.Debug|Any CPU.ActiveCfg = Debug|Any CPU
		{D0CBB8E0-D523-480D-929F-6B8B09D63732}.Debug|Any CPU.Build.0 = Debug|Any CPU
		{D0CBB8E0-D523-480D-929F-6B8B09D63732}.Release|Any CPU.ActiveCfg = Release|Any CPU
		{D0CBB8E0-D523-480D-929F-6B8B09D63732}.Release|Any CPU.Build.0 = Release|Any CPU
		{7E67B1FE-5746-43B0-9F9D-E79698C840D8}.Debug|Any CPU.ActiveCfg = Debug|Any CPU
		{7E67B1FE-5746-43B0-9F9D-E79698C840D8}.Debug|Any CPU.Build.0 = Debug|Any CPU
		{7E67B1FE-5746-43B0-9F9D-E79698C840D8}.Release|Any CPU.ActiveCfg = Release|Any CPU
		{7E67B1FE-5746-43B0-9F9D-E79698C840D8}.Release|Any CPU.Build.0 = Release|Any CPU
	EndGlobalSection
	GlobalSection(SolutionProperties) = preSolution
		HideSolutionNode = FALSE
	EndGlobalSection
	GlobalSection(NestedProjects) = preSolution
		{7E67B1FE-5746-43B0-9F9D-E79698C840D8} = {8EC462FD-D22E-90A8-E5CE-7E832BA40C5D}
	EndGlobalSection
	GlobalSection(ExtensibilityGlobals) = postSolution
		SolutionGuid = {7302538F-ECE4-46F9-AE87-AA770148608F}
	EndGlobalSection
EndGlobal
